# THIS IS AN AUTOGENERATED FILE. DO NOT EDIT THIS FILE DIRECTLY.
# yarn lockfile v1


"@types/prop-types@^15.5.2":
  version "15.5.2"
  resolved "https://registry.yarnpkg.com/@types/prop-types/-/prop-types-15.5.2.tgz#3c6b8dceb2906cc87fe4358e809f9d20c8d59be1"

"@types/react-native@^0.50.7":
  version "0.50.7"
  resolved "https://registry.yarnpkg.com/@types/react-native/-/react-native-0.50.7.tgz#4c18bb14aa08f11934f539d2b8dcb2f1a6b88bd8"
  dependencies:
    "@types/react" "*"

"@types/react@*":
  version "15.0.38"
  resolved "https://registry.yarnpkg.com/@types/react/-/react-15.0.38.tgz#6afea31a9fe66304af474106ba372ddaba449995"

"@types/react@^16.0.25":
  version "16.0.25"
  resolved "https://registry.yarnpkg.com/@types/react/-/react-16.0.25.tgz#bf696b83fe480c5e0eff4335ee39ebc95884a1ed"

typescript@^2.6.1:
  version "2.6.1"
  resolved "https://registry.yarnpkg.com/typescript/-/typescript-2.6.1.tgz#ef39cdea27abac0b500242d6726ab90e0c846631"
